
Microsoft Visual Studio Solution File, Format Version 12.00
# Visual Studio Version 16
VisualStudioVersion = 16.0.28803.352
MinimumVisualStudioVersion = 10.0.40219.1
Project("{9A19103F-16F7-4668-BE54-9A1E7A4F7556}") = "CtrlNet.Util", "CtrlNet.Util\CtrlNet.Util.csproj", "{295AB6D3-A429-46F9-83FE-78BF451F1A53}"
EndProject
Project("{2150E333-8FDC-42A3-9474-1A3956D46DE8}") = "01-src", "01-src", "{65E0098E-73D4-47C4-BAAA-D1ABF0A7D70C}"
	ProjectSection(SolutionItems) = preProject
		CtrlNet.Util\favicon.ico = CtrlNet.Util\favicon.ico
		LICENSE.TXT = LICENSE.TXT
	EndProjectSection
EndProject
Project("{2150E333-8FDC-42A3-9474-1A3956D46DE8}") = "02-test", "02-test", "{ACEF2DEF-8EEB-4DBC-BED1-3EDE01035806}"
EndProject
Project("{2150E333-8FDC-42A3-9474-1A3956D46DE8}") = "Solution Items", "Solution Items", "{8EE0CDC6-96E5-405D-B648-CC17D8F23B43}"
EndProject
Global
	GlobalSection(SolutionConfigurationPlatforms) = preSolution
		Debug|Any CPU = Debug|Any CPU
		Release|Any CPU = Release|Any CPU
	EndGlobalSection
	GlobalSection(ProjectConfigurationPlatforms) = postSolution
		{295AB6D3-A429-46F9-83FE-78BF451F1A53}.Debug|Any CPU.ActiveCfg = Debug|Any CPU
		{295AB6D3-A429-46F9-83FE-78BF451F1A53}.Debug|Any CPU.Build.0 = Debug|Any CPU
		{295AB6D3-A429-46F9-83FE-78BF451F1A53}.Release|Any CPU.ActiveCfg = Release|Any CPU
		{295AB6D3-A429-46F9-83FE-78BF451F1A53}.Release|Any CPU.Build.0 = Release|Any CPU
	EndGlobalSection
	GlobalSection(SolutionProperties) = preSolution
		HideSolutionNode = FALSE
	EndGlobalSection
	GlobalSection(NestedProjects) = preSolution
		{295AB6D3-A429-46F9-83FE-78BF451F1A53} = {65E0098E-73D4-47C4-BAAA-D1ABF0A7D70C}
	EndGlobalSection
	GlobalSection(ExtensibilityGlobals) = postSolution
		SolutionGuid = {75E0537E-A95D-493D-BC8A-EC9E1F677A41}
	EndGlobalSection
EndGlobal
