
Microsoft Visual Studio Solution File, Format Version 12.00
# Visual Studio Version 16
VisualStudioVersion = 16.0.29318.209
MinimumVisualStudioVersion = 10.0.40219.1
Project("{2150E333-8FDC-42A3-9474-1A3956D46DE8}") = "01-src", "01-src", "{65E0098E-73D4-47C4-BAAA-D1ABF0A7D70C}"
EndProject
Project("{2150E333-8FDC-42A3-9474-1A3956D46DE8}") = "02-test", "02-test", "{ACEF2DEF-8EEB-4DBC-BED1-3EDE01035806}"
EndProject
Project("{9A19103F-16F7-4668-BE54-9A1E7A4F7556}") = "CtrlNet.Util", "src\CtrlNet.Util\CtrlNet.Util.csproj", "{70208EC5-0C34-40D8-9B09-4D216AD1C19E}"
EndProject
Project("{FAE04EC0-301F-11D3-BF4B-00C04F79EFBC}") = "CtrlNet.Util.Test", "test\CtrlNet.Util.Test\CtrlNet.Util.Test.csproj", "{8F4128B8-D5ED-48F6-8B32-290B17AEF998}"
EndProject
Global
	GlobalSection(SolutionConfigurationPlatforms) = preSolution
		Debug|Any CPU = Debug|Any CPU
		Release|Any CPU = Release|Any CPU
	EndGlobalSection
	GlobalSection(ProjectConfigurationPlatforms) = postSolution
		{70208EC5-0C34-40D8-9B09-4D216AD1C19E}.Debug|Any CPU.ActiveCfg = Debug|Any CPU
		{70208EC5-0C34-40D8-9B09-4D216AD1C19E}.Debug|Any CPU.Build.0 = Debug|Any CPU
		{70208EC5-0C34-40D8-9B09-4D216AD1C19E}.Release|Any CPU.ActiveCfg = Release|Any CPU
		{70208EC5-0C34-40D8-9B09-4D216AD1C19E}.Release|Any CPU.Build.0 = Release|Any CPU
		{8F4128B8-D5ED-48F6-8B32-290B17AEF998}.Debug|Any CPU.ActiveCfg = Debug|Any CPU
		{8F4128B8-D5ED-48F6-8B32-290B17AEF998}.Debug|Any CPU.Build.0 = Debug|Any CPU
		{8F4128B8-D5ED-48F6-8B32-290B17AEF998}.Release|Any CPU.ActiveCfg = Release|Any CPU
		{8F4128B8-D5ED-48F6-8B32-290B17AEF998}.Release|Any CPU.Build.0 = Release|Any CPU
	EndGlobalSection
	GlobalSection(SolutionProperties) = preSolution
		HideSolutionNode = FALSE
	EndGlobalSection
	GlobalSection(NestedProjects) = preSolution
		{70208EC5-0C34-40D8-9B09-4D216AD1C19E} = {65E0098E-73D4-47C4-BAAA-D1ABF0A7D70C}
		{8F4128B8-D5ED-48F6-8B32-290B17AEF998} = {ACEF2DEF-8EEB-4DBC-BED1-3EDE01035806}
	EndGlobalSection
	GlobalSection(ExtensibilityGlobals) = postSolution
		SolutionGuid = {75E0537E-A95D-493D-BC8A-EC9E1F677A41}
	EndGlobalSection
EndGlobal
