
Microsoft Visual Studio Solution File, Format Version 12.00
# Visual Studio 15
VisualStudioVersion = 15.0.28307.705
MinimumVisualStudioVersion = 10.0.40219.1
Project("{2150E333-8FDC-42A3-9474-1A3956D46DE8}") = "01-src", "01-src", "{65E0098E-73D4-47C4-BAAA-D1ABF0A7D70C}"
	ProjectSection(SolutionItems) = preProject
		LICENSE.TXT = LICENSE.TXT
		README.md = README.md
	EndProjectSection
EndProject
Project("{2150E333-8FDC-42A3-9474-1A3956D46DE8}") = "02-test", "02-test", "{ACEF2DEF-8EEB-4DBC-BED1-3EDE01035806}"
EndProject
Project("{9A19103F-16F7-4668-BE54-9A1E7A4F7556}") = "CtrlNet.Util", "src\CtrlNet.Util\CtrlNet.Util.csproj", "{70208EC5-0C34-40D8-9B09-4D216AD1C19E}"
EndProject
Project("{FAE04EC0-301F-11D3-BF4B-00C04F79EFBC}") = "Util.Test", "Util.Test\Util.Test.csproj", "{1FB3DD26-3C9A-4DE2-AC3A-6BFBE9082E51}"
EndProject
Global
	GlobalSection(SolutionConfigurationPlatforms) = preSolution
		Debug|Any CPU = Debug|Any CPU
		Release|Any CPU = Release|Any CPU
	EndGlobalSection
	GlobalSection(ProjectConfigurationPlatforms) = postSolution
		{70208EC5-0C34-40D8-9B09-4D216AD1C19E}.Debug|Any CPU.ActiveCfg = Debug|Any CPU
		{70208EC5-0C34-40D8-9B09-4D216AD1C19E}.Debug|Any CPU.Build.0 = Debug|Any CPU
		{70208EC5-0C34-40D8-9B09-4D216AD1C19E}.Release|Any CPU.ActiveCfg = Release|Any CPU
		{70208EC5-0C34-40D8-9B09-4D216AD1C19E}.Release|Any CPU.Build.0 = Release|Any CPU
		{1FB3DD26-3C9A-4DE2-AC3A-6BFBE9082E51}.Debug|Any CPU.ActiveCfg = Debug|Any CPU
		{1FB3DD26-3C9A-4DE2-AC3A-6BFBE9082E51}.Debug|Any CPU.Build.0 = Debug|Any CPU
		{1FB3DD26-3C9A-4DE2-AC3A-6BFBE9082E51}.Release|Any CPU.ActiveCfg = Release|Any CPU
		{1FB3DD26-3C9A-4DE2-AC3A-6BFBE9082E51}.Release|Any CPU.Build.0 = Release|Any CPU
	EndGlobalSection
	GlobalSection(SolutionProperties) = preSolution
		HideSolutionNode = FALSE
	EndGlobalSection
	GlobalSection(NestedProjects) = preSolution
		{70208EC5-0C34-40D8-9B09-4D216AD1C19E} = {65E0098E-73D4-47C4-BAAA-D1ABF0A7D70C}
		{1FB3DD26-3C9A-4DE2-AC3A-6BFBE9082E51} = {ACEF2DEF-8EEB-4DBC-BED1-3EDE01035806}
	EndGlobalSection
	GlobalSection(ExtensibilityGlobals) = postSolution
		SolutionGuid = {75E0537E-A95D-493D-BC8A-EC9E1F677A41}
	EndGlobalSection
EndGlobal
